Microsoft Visual Studio Solution File, Format Version 8.00
Project("{8BC9CEB8-8B4A-11D0-8D11-00A0C91BC942}") = "urltests", "urltests.vcproj", "{6BDA64B5-5603-41BE-906E-E710B11C8A06}"
	ProjectSection(ProjectDependencies) = postProject
	EndProjectSection
EndProject
Global
	GlobalSection(SolutionConfiguration) = preSolution
		Debug = Debug
		Release = Release
	EndGlobalSection
	GlobalSection(ProjectConfiguration) = postSolution
		{6BDA64B5-5603-41BE-906E-E710B11C8A06}.Debug.ActiveCfg = Debug|Win32
		{6BDA64B5-5603-41BE-906E-E710B11C8A06}.Debug.Build.0 = Debug|Win32
		{6BDA64B5-5603-41BE-906E-E710B11C8A06}.Release.ActiveCfg = Release|Win32
		{6BDA64B5-5603-41BE-906E-E710B11C8A06}.Release.Build.0 = Release|Win32
	EndGlobalSection
	GlobalSection(ExtensibilityGlobals) = postSolution
	EndGlobalSection
	GlobalSection(ExtensibilityAddIns) = postSolution
	EndGlobalSection
EndGlobal
